
Microsoft Visual Studio Solution File, Format Version 12.00
# Visual Studio 14
VisualStudioVersion = 14.0.25420.1
MinimumVisualStudioVersion = 10.0.40219.1
Project("{FAE04EC0-301F-11D3-BF4B-00C04F79EFBC}") = "WalletApi", "WalletApi\WalletApi.csproj", "{7715BF39-18E9-417B-A220-56157ADF177F}"
EndProject
Project("{FAE04EC0-301F-11D3-BF4B-00C04F79EFBC}") = "WalletApi.Tests", "WalletApi.Tests\WalletApi.Tests.csproj", "{51378AD4-AB9C-4FCA-AD83-ECD50C80EEF9}"
EndProject
Global
	GlobalSection(SolutionConfigurationPlatforms) = preSolution
		Debug|Any CPU = Debug|Any CPU
		Release|Any CPU = Release|Any CPU
	EndGlobalSection
	GlobalSection(ProjectConfigurationPlatforms) = postSolution
		{7715BF39-18E9-417B-A220-56157ADF177F}.Debug|Any CPU.ActiveCfg = Debug|Any CPU
		{7715BF39-18E9-417B-A220-56157ADF177F}.Debug|Any CPU.Build.0 = Debug|Any CPU
		{7715BF39-18E9-417B-A220-56157ADF177F}.Release|Any CPU.ActiveCfg = Release|Any CPU
		{7715BF39-18E9-417B-A220-56157ADF177F}.Release|Any CPU.Build.0 = Release|Any CPU
		{51378AD4-AB9C-4FCA-AD83-ECD50C80EEF9}.Debug|Any CPU.ActiveCfg = Debug|Any CPU
		{51378AD4-AB9C-4FCA-AD83-ECD50C80EEF9}.Debug|Any CPU.Build.0 = Debug|Any CPU
		{51378AD4-AB9C-4FCA-AD83-ECD50C80EEF9}.Release|Any CPU.ActiveCfg = Release|Any CPU
		{51378AD4-AB9C-4FCA-AD83-ECD50C80EEF9}.Release|Any CPU.Build.0 = Release|Any CPU
	EndGlobalSection
	GlobalSection(SolutionProperties) = preSolution
		HideSolutionNode = FALSE
	EndGlobalSection
EndGlobal
